
Microsoft Visual Studio Solution File, Format Version 12.00
# Visual Studio Version 17
VisualStudioVersion = 17.11.35303.130
MinimumVisualStudioVersion = 10.0.40219.1
Project("{FAE04EC0-301F-11D3-BF4B-00C04F79EFBC}") = "InsertarCliente", "InsertarCliente\InsertarCliente.csproj", "{A913A615-2119-4E56-9BF3-9D387A6242B4}"
EndProject
Project("{FAE04EC0-301F-11D3-BF4B-00C04F79EFBC}") = "Acceso a Datos", "Acceso a Datos\Acceso a Datos.csproj", "{95AB13BA-64ED-4D84-92B2-DA4516A5355E}"
EndProject
Global
	GlobalSection(SolutionConfigurationPlatforms) = preSolution
		Debug|Any CPU = Debug|Any CPU
		Release|Any CPU = Release|Any CPU
	EndGlobalSection
	GlobalSection(ProjectConfigurationPlatforms) = postSolution
		{A913A615-2119-4E56-9BF3-9D387A6242B4}.Debug|Any CPU.ActiveCfg = Debug|Any CPU
		{A913A615-2119-4E56-9BF3-9D387A6242B4}.Debug|Any CPU.Build.0 = Debug|Any CPU
		{A913A615-2119-4E56-9BF3-9D387A6242B4}.Release|Any CPU.ActiveCfg = Release|Any CPU
		{A913A615-2119-4E56-9BF3-9D387A6242B4}.Release|Any CPU.Build.0 = Release|Any CPU
		{95AB13BA-64ED-4D84-92B2-DA4516A5355E}.Debug|Any CPU.ActiveCfg = Debug|Any CPU
		{95AB13BA-64ED-4D84-92B2-DA4516A5355E}.Debug|Any CPU.Build.0 = Debug|Any CPU
		{95AB13BA-64ED-4D84-92B2-DA4516A5355E}.Release|Any CPU.ActiveCfg = Release|Any CPU
		{95AB13BA-64ED-4D84-92B2-DA4516A5355E}.Release|Any CPU.Build.0 = Release|Any CPU
	EndGlobalSection
	GlobalSection(SolutionProperties) = preSolution
		HideSolutionNode = FALSE
	EndGlobalSection
	GlobalSection(ExtensibilityGlobals) = postSolution
		SolutionGuid = {6D7FA32B-F335-4F74-8714-9512F89008CD}
	EndGlobalSection
EndGlobal
